
Microsoft Visual Studio Solution File, Format Version 12.00
# Visual Studio Version 17
VisualStudioVersion = 17.4.33110.190
MinimumVisualStudioVersion = 10.0.40219.1
Project("{FAE04EC0-301F-11D3-BF4B-00C04F79EFBC}") = "ImageRaterApp", "ImageRaterApp\ImageRaterApp.csproj", "{83AA5B45-9963-47CD-8551-A804D7F256D2}"
EndProject
Global
	GlobalSection(SolutionConfigurationPlatforms) = preSolution
		Debug|Any CPU = Debug|Any CPU
		Release|Any CPU = Release|Any CPU
	EndGlobalSection
	GlobalSection(ProjectConfigurationPlatforms) = postSolution
		{83AA5B45-9963-47CD-8551-A804D7F256D2}.Debug|Any CPU.ActiveCfg = Debug|Any CPU
		{83AA5B45-9963-47CD-8551-A804D7F256D2}.Debug|Any CPU.Build.0 = Debug|Any CPU
		{83AA5B45-9963-47CD-8551-A804D7F256D2}.Release|Any CPU.ActiveCfg = Release|Any CPU
		{83AA5B45-9963-47CD-8551-A804D7F256D2}.Release|Any CPU.Build.0 = Release|Any CPU
	EndGlobalSection
	GlobalSection(SolutionProperties) = preSolution
		HideSolutionNode = FALSE
	EndGlobalSection
	GlobalSection(ExtensibilityGlobals) = postSolution
		SolutionGuid = {ECE3C365-7C72-4C34-A434-E76988D33C7F}
	EndGlobalSection
EndGlobal
